Microsoft Visual Studio Solution File, Format Version 12.00
# Visual Studio Version 17
VisualStudioVersion = 17.5.2.0
MinimumVisualStudioVersion = 10.0.40219.1
Project("{FAE04EC0-301F-11D3-BF4B-00C04F79EFBC}") = "Daily1578", "Daily1578.csproj", "{146E5F98-E651-FBED-3E04-3CB19C9944A6}"
EndProject
Global
	GlobalSection(SolutionConfigurationPlatforms) = preSolution
		Debug|Any CPU = Debug|Any CPU
		Release|Any CPU = Release|Any CPU
	EndGlobalSection
	GlobalSection(ProjectConfigurationPlatforms) = postSolution
		{146E5F98-E651-FBED-3E04-3CB19C9944A6}.Debug|Any CPU.ActiveCfg = Debug|Any CPU
		{146E5F98-E651-FBED-3E04-3CB19C9944A6}.Debug|Any CPU.Build.0 = Debug|Any CPU
		{146E5F98-E651-FBED-3E04-3CB19C9944A6}.Release|Any CPU.ActiveCfg = Release|Any CPU
		{146E5F98-E651-FBED-3E04-3CB19C9944A6}.Release|Any CPU.Build.0 = Release|Any CPU
	EndGlobalSection
	GlobalSection(SolutionProperties) = preSolution
		HideSolutionNode = FALSE
	EndGlobalSection
	GlobalSection(ExtensibilityGlobals) = postSolution
		SolutionGuid = {F2C0D1AC-16AC-4E4A-A63D-AA441DC6BE12}
	EndGlobalSection
EndGlobal
