
Microsoft Visual Studio Solution File, Format Version 12.00
# Visual Studio Version 18
VisualStudioVersion = 18.0.11222.15 d18.0
MinimumVisualStudioVersion = 10.0.40219.1
Project("{FAE04EC0-301F-11D3-BF4B-00C04F79EFBC}") = "Daily3381", "Daily3381.csproj", "{6C1C2529-D1B8-A2B6-FA73-4E53433475B0}"
EndProject
Global
	GlobalSection(SolutionConfigurationPlatforms) = preSolution
		Debug|Any CPU = Debug|Any CPU
		Release|Any CPU = Release|Any CPU
	EndGlobalSection
	GlobalSection(ProjectConfigurationPlatforms) = postSolution
		{6C1C2529-D1B8-A2B6-FA73-4E53433475B0}.Debug|Any CPU.ActiveCfg = Debug|Any CPU
		{6C1C2529-D1B8-A2B6-FA73-4E53433475B0}.Debug|Any CPU.Build.0 = Debug|Any CPU
		{6C1C2529-D1B8-A2B6-FA73-4E53433475B0}.Release|Any CPU.ActiveCfg = Release|Any CPU
		{6C1C2529-D1B8-A2B6-FA73-4E53433475B0}.Release|Any CPU.Build.0 = Release|Any CPU
	EndGlobalSection
	GlobalSection(SolutionProperties) = preSolution
		HideSolutionNode = FALSE
	EndGlobalSection
	GlobalSection(ExtensibilityGlobals) = postSolution
		SolutionGuid = {FEDE0C6A-169C-4B8D-AD7A-E54DBD2A5FF4}
	EndGlobalSection
EndGlobal
