
Microsoft Visual Studio Solution File, Format Version 12.00
# Visual Studio Version 18
VisualStudioVersion = 18.0.11205.157 d18.0
MinimumVisualStudioVersion = 10.0.40219.1
Project("{FAE04EC0-301F-11D3-BF4B-00C04F79EFBC}") = "Daily2154", "Daily2154.csproj", "{4E6F41C0-61A3-0C44-55B5-EA9060E94CBA}"
EndProject
Global
	GlobalSection(SolutionConfigurationPlatforms) = preSolution
		Debug|Any CPU = Debug|Any CPU
		Release|Any CPU = Release|Any CPU
	EndGlobalSection
	GlobalSection(ProjectConfigurationPlatforms) = postSolution
		{4E6F41C0-61A3-0C44-55B5-EA9060E94CBA}.Debug|Any CPU.ActiveCfg = Debug|Any CPU
		{4E6F41C0-61A3-0C44-55B5-EA9060E94CBA}.Debug|Any CPU.Build.0 = Debug|Any CPU
		{4E6F41C0-61A3-0C44-55B5-EA9060E94CBA}.Release|Any CPU.ActiveCfg = Release|Any CPU
		{4E6F41C0-61A3-0C44-55B5-EA9060E94CBA}.Release|Any CPU.Build.0 = Release|Any CPU
	EndGlobalSection
	GlobalSection(SolutionProperties) = preSolution
		HideSolutionNode = FALSE
	EndGlobalSection
	GlobalSection(ExtensibilityGlobals) = postSolution
		SolutionGuid = {D421F8FD-1F7C-4F63-8EDD-3E1252A3C7EF}
	EndGlobalSection
EndGlobal
