
Microsoft Visual Studio Solution File, Format Version 12.00
# Visual Studio Version 18
VisualStudioVersion = 18.0.11222.15 d18.0
MinimumVisualStudioVersion = 10.0.40219.1
Project("{FAE04EC0-301F-11D3-BF4B-00C04F79EFBC}") = "Daily2141", "Daily2141.csproj", "{BDAAAC8C-6EE2-7354-AF8B-1D841B5A8BA7}"
EndProject
Global
	GlobalSection(SolutionConfigurationPlatforms) = preSolution
		Debug|Any CPU = Debug|Any CPU
		Release|Any CPU = Release|Any CPU
	EndGlobalSection
	GlobalSection(ProjectConfigurationPlatforms) = postSolution
		{BDAAAC8C-6EE2-7354-AF8B-1D841B5A8BA7}.Debug|Any CPU.ActiveCfg = Debug|Any CPU
		{BDAAAC8C-6EE2-7354-AF8B-1D841B5A8BA7}.Debug|Any CPU.Build.0 = Debug|Any CPU
		{BDAAAC8C-6EE2-7354-AF8B-1D841B5A8BA7}.Release|Any CPU.ActiveCfg = Release|Any CPU
		{BDAAAC8C-6EE2-7354-AF8B-1D841B5A8BA7}.Release|Any CPU.Build.0 = Release|Any CPU
	EndGlobalSection
	GlobalSection(SolutionProperties) = preSolution
		HideSolutionNode = FALSE
	EndGlobalSection
	GlobalSection(ExtensibilityGlobals) = postSolution
		SolutionGuid = {E408AE18-1C2F-4157-9365-7B15297C1588}
	EndGlobalSection
EndGlobal
